
Microsoft Visual Studio Solution File, Format Version 12.00
# Visual Studio Version 16
VisualStudioVersion = 16.0.32106.194
MinimumVisualStudioVersion = 10.0.40219.1
Project("{FAE04EC0-301F-11D3-BF4B-00C04F79EFBC}") = "Mateusz_Kuźnia_baza", "Mateusz_Kuźnia_baza\Mateusz_Kuźnia_baza.csproj", "{714F4373-486D-443F-ACF0-A8058FB340E5}"
EndProject
Global
	GlobalSection(SolutionConfigurationPlatforms) = preSolution
		Debug|Any CPU = Debug|Any CPU
		Release|Any CPU = Release|Any CPU
	EndGlobalSection
	GlobalSection(ProjectConfigurationPlatforms) = postSolution
		{714F4373-486D-443F-ACF0-A8058FB340E5}.Debug|Any CPU.ActiveCfg = Debug|Any CPU
		{714F4373-486D-443F-ACF0-A8058FB340E5}.Debug|Any CPU.Build.0 = Debug|Any CPU
		{714F4373-486D-443F-ACF0-A8058FB340E5}.Release|Any CPU.ActiveCfg = Release|Any CPU
		{714F4373-486D-443F-ACF0-A8058FB340E5}.Release|Any CPU.Build.0 = Release|Any CPU
	EndGlobalSection
	GlobalSection(SolutionProperties) = preSolution
		HideSolutionNode = FALSE
	EndGlobalSection
	GlobalSection(ExtensibilityGlobals) = postSolution
		SolutionGuid = {AB7592D1-93E1-49ED-B3F8-5B4BE3573312}
	EndGlobalSection
EndGlobal
